
Microsoft Visual Studio Solution File, Format Version 12.00
Project("{FAE04EC0-301F-11D3-BF4B-00C04F79EFBC}") = "Personal Finance Management API", "Personal Finance Management API\Personal Finance Management API.csproj", "{5938452F-1C02-4424-8D2A-B5F7671309CC}"
EndProject
Global
	GlobalSection(SolutionConfigurationPlatforms) = preSolution
		Debug|Any CPU = Debug|Any CPU
		Release|Any CPU = Release|Any CPU
	EndGlobalSection
	GlobalSection(ProjectConfigurationPlatforms) = postSolution
		{5938452F-1C02-4424-8D2A-B5F7671309CC}.Debug|Any CPU.ActiveCfg = Debug|Any CPU
		{5938452F-1C02-4424-8D2A-B5F7671309CC}.Debug|Any CPU.Build.0 = Debug|Any CPU
		{5938452F-1C02-4424-8D2A-B5F7671309CC}.Release|Any CPU.ActiveCfg = Release|Any CPU
		{5938452F-1C02-4424-8D2A-B5F7671309CC}.Release|Any CPU.Build.0 = Release|Any CPU
	EndGlobalSection
EndGlobal
